
Microsoft Visual Studio Solution File, Format Version 12.00
# Visual Studio 15
VisualStudioVersion = 15.0.28307.1321
MinimumVisualStudioVersion = 10.0.40219.1
Project("{888888A0-9F3D-457C-B088-3A5042F75D52}") = "Carespace.Circles", "Carespace.Circles.pyproj", "{63D868BC-6ABE-4CE3-B9D5-91BFB54500DA}"
EndProject
Global
	GlobalSection(SolutionConfigurationPlatforms) = preSolution
		Debug|Any CPU = Debug|Any CPU
		Release|Any CPU = Release|Any CPU
	EndGlobalSection
	GlobalSection(ProjectConfigurationPlatforms) = postSolution
		{63D868BC-6ABE-4CE3-B9D5-91BFB54500DA}.Debug|Any CPU.ActiveCfg = Debug|Any CPU
		{63D868BC-6ABE-4CE3-B9D5-91BFB54500DA}.Release|Any CPU.ActiveCfg = Release|Any CPU
	EndGlobalSection
	GlobalSection(SolutionProperties) = preSolution
		HideSolutionNode = FALSE
	EndGlobalSection
	GlobalSection(ExtensibilityGlobals) = postSolution
		SolutionGuid = {E2330C7B-DD6C-40C6-80EA-72B97522B287}
	EndGlobalSection
EndGlobal
